
Microsoft Visual Studio Solution File, Format Version 12.00
# Visual Studio Version 17
VisualStudioVersion = 17.1.32328.378
MinimumVisualStudioVersion = 10.0.40219.1
Project("{9A19103F-16F7-4668-BE54-9A1E7A4F7556}") = "GrimdarkFuture.MonoGame", "GrimdarkFuture.MonoGame\GrimdarkFuture.MonoGame.csproj", "{38FDD3A1-E250-48BB-9455-28C7BA0BDA33}"
EndProject
Project("{9A19103F-16F7-4668-BE54-9A1E7A4F7556}") = "GrimdarkFuture.Application", "GrimdarkFuture.Application\GrimdarkFuture.Application.csproj", "{6F4EBAB4-39D3-4E2E-BF1E-2BBBD70BDDE4}"
EndProject
Project("{9A19103F-16F7-4668-BE54-9A1E7A4F7556}") = "GrimdarkFuture.Entities", "GrimdarkFuture.Entities\GrimdarkFuture.Entities.csproj", "{4E38463F-5276-4B30-96D7-8EA8D253F24D}"
EndProject
Project("{9A19103F-16F7-4668-BE54-9A1E7A4F7556}") = "GrimdarkFuture.Mechanics", "GrimdarkFuture.Mechanics\GrimdarkFuture.Mechanics.csproj", "{5A0BCDF8-3901-41BA-93F4-36D2259648E1}"
EndProject
Global
	GlobalSection(SolutionConfigurationPlatforms) = preSolution
		Debug|Any CPU = Debug|Any CPU
		Release|Any CPU = Release|Any CPU
	EndGlobalSection
	GlobalSection(ProjectConfigurationPlatforms) = postSolution
		{38FDD3A1-E250-48BB-9455-28C7BA0BDA33}.Debug|Any CPU.ActiveCfg = Debug|Any CPU
		{38FDD3A1-E250-48BB-9455-28C7BA0BDA33}.Debug|Any CPU.Build.0 = Debug|Any CPU
		{38FDD3A1-E250-48BB-9455-28C7BA0BDA33}.Release|Any CPU.ActiveCfg = Release|Any CPU
		{38FDD3A1-E250-48BB-9455-28C7BA0BDA33}.Release|Any CPU.Build.0 = Release|Any CPU
		{6F4EBAB4-39D3-4E2E-BF1E-2BBBD70BDDE4}.Debug|Any CPU.ActiveCfg = Debug|Any CPU
		{6F4EBAB4-39D3-4E2E-BF1E-2BBBD70BDDE4}.Debug|Any CPU.Build.0 = Debug|Any CPU
		{6F4EBAB4-39D3-4E2E-BF1E-2BBBD70BDDE4}.Release|Any CPU.ActiveCfg = Release|Any CPU
		{6F4EBAB4-39D3-4E2E-BF1E-2BBBD70BDDE4}.Release|Any CPU.Build.0 = Release|Any CPU
		{4E38463F-5276-4B30-96D7-8EA8D253F24D}.Debug|Any CPU.ActiveCfg = Debug|Any CPU
		{4E38463F-5276-4B30-96D7-8EA8D253F24D}.Debug|Any CPU.Build.0 = Debug|Any CPU
		{4E38463F-5276-4B30-96D7-8EA8D253F24D}.Release|Any CPU.ActiveCfg = Release|Any CPU
		{4E38463F-5276-4B30-96D7-8EA8D253F24D}.Release|Any CPU.Build.0 = Release|Any CPU
		{5A0BCDF8-3901-41BA-93F4-36D2259648E1}.Debug|Any CPU.ActiveCfg = Debug|Any CPU
		{5A0BCDF8-3901-41BA-93F4-36D2259648E1}.Debug|Any CPU.Build.0 = Debug|Any CPU
		{5A0BCDF8-3901-41BA-93F4-36D2259648E1}.Release|Any CPU.ActiveCfg = Release|Any CPU
		{5A0BCDF8-3901-41BA-93F4-36D2259648E1}.Release|Any CPU.Build.0 = Release|Any CPU
	EndGlobalSection
	GlobalSection(SolutionProperties) = preSolution
		HideSolutionNode = FALSE
	EndGlobalSection
	GlobalSection(ExtensibilityGlobals) = postSolution
		SolutionGuid = {F7238EF6-3D37-436E-8F76-146E6D69E7E1}
	EndGlobalSection
EndGlobal
